
Microsoft Visual Studio Solution File, Format Version 12.00
# Visual Studio Version 16
VisualStudioVersion = 16.0.30309.148
MinimumVisualStudioVersion = 10.0.40219.1
Project("{9A19103F-16F7-4668-BE54-9A1E7A4F7556}") = "AJL_ChessEngine", "AJL_ChessEngine\AJL_ChessEngine.csproj", "{4F360D29-0625-4205-A838-146F2E528F88}"
EndProject
Global
	GlobalSection(SolutionConfigurationPlatforms) = preSolution
		Debug|Any CPU = Debug|Any CPU
		Release|Any CPU = Release|Any CPU
	EndGlobalSection
	GlobalSection(ProjectConfigurationPlatforms) = postSolution
		{4F360D29-0625-4205-A838-146F2E528F88}.Debug|Any CPU.ActiveCfg = Release|Any CPU
		{4F360D29-0625-4205-A838-146F2E528F88}.Debug|Any CPU.Build.0 = Release|Any CPU
		{4F360D29-0625-4205-A838-146F2E528F88}.Release|Any CPU.ActiveCfg = Release|Any CPU
		{4F360D29-0625-4205-A838-146F2E528F88}.Release|Any CPU.Build.0 = Release|Any CPU
	EndGlobalSection
	GlobalSection(SolutionProperties) = preSolution
		HideSolutionNode = FALSE
	EndGlobalSection
	GlobalSection(ExtensibilityGlobals) = postSolution
		SolutionGuid = {BE9541F4-F639-4A3B-98E6-0E66FD40B433}
	EndGlobalSection
EndGlobal
